// !$*UTF8*$!
{
	archiveVersion = 1;
	classes = {
	};
	objectVersion = 55;
	objects = {

/* Begin PBXBuildFile section */
		0A0B6462289ACEC400D25F39 /* AppDelegate.swift in Sources */ = {isa = PBXBuildFile; fileRef = 0A0B6461289ACEC400D25F39 /* AppDelegate.swift */; };
		0A0B6464289ACEC400D25F39 /* SceneDelegate.swift in Sources */ = {isa = PBXBuildFile; fileRef = 0A0B6463289ACEC400D25F39 /* SceneDelegate.swift */; };
		0A0B6466289ACEC400D25F39 /* MainViewController.swift in Sources */ = {isa = PBXBuildFile; fileRef = 0A0B6465289ACEC400D25F39 /* MainViewController.swift */; };
		0A0B646B289ACEC600D25F39 /* Assets.xcassets in Resources */ = {isa = PBXBuildFile; fileRef = 0A0B646A289ACEC600D25F39 /* Assets.xcassets */; };
		0A0B646E289ACEC600D25F39 /* LaunchScreen.storyboard in Resources */ = {isa = PBXBuildFile; fileRef = 0A0B646C289ACEC600D25F39 /* LaunchScreen.storyboard */; };
		0AE9583F289ADAFB00751E6A /* SnapKit in Frameworks */ = {isa = PBXBuildFile; productRef = 0AE9583E289ADAFB00751E6A /* SnapKit */; };
		0AE95841289ADCC000751E6A /* PageViewController.swift in Sources */ = {isa = PBXBuildFile; fileRef = 0AE95840289ADCC000751E6A /* PageViewController.swift */; };
		0AE95844289ADE6500751E6A /* FirstViewController.swift in Sources */ = {isa = PBXBuildFile; fileRef = 0AE95843289ADE6500751E6A /* FirstViewController.swift */; };
		0AE95846289ADE7D00751E6A /* SecondViewController.swift in Sources */ = {isa = PBXBuildFile; fileRef = 0AE95845289ADE7D00751E6A /* SecondViewController.swift */; };
		0AE95848289ADE9200751E6A /* ThirdViewController.swift in Sources */ = {isa = PBXBuildFile; fileRef = 0AE95847289ADE9200751E6A /* ThirdViewController.swift */; };
		0AE9584B28A1730C00751E6A /* TabView.swift in Sources */ = {isa = PBXBuildFile; fileRef = 0AE9584A28A1730C00751E6A /* TabView.swift */; };
		0AE9584E28A1742E00751E6A /* TabCell.swift in Sources */ = {isa = PBXBuildFile; fileRef = 0AE9584D28A1742E00751E6A /* TabCell.swift */; };
		0AE9585128A248B200751E6A /* SnapKit in Frameworks */ = {isa = PBXBuildFile; productRef = 0AE9585028A248B200751E6A /* SnapKit */; };
/* End PBXBuildFile section */

/* Begin PBXFileReference section */
		0A0B645E289ACEC400D25F39 /* iOSTabLayout.app */ = {isa = PBXFileReference; explicitFileType = wrapper.application; includeInIndex = 0; path = iOSTabLayout.app; sourceTree = BUILT_PRODUCTS_DIR; };
		0A0B6461289ACEC400D25F39 /* AppDelegate.swift */ = {isa = PBXFileReference; lastKnownFileType = sourcecode.swift; path = AppDelegate.swift; sourceTree = "<group>"; };
		0A0B6463289ACEC400D25F39 /* SceneDelegate.swift */ = {isa = PBXFileReference; lastKnownFileType = sourcecode.swift; path = SceneDelegate.swift; sourceTree = "<group>"; };
		0A0B6465289ACEC400D25F39 /* MainViewController.swift */ = {isa = PBXFileReference; lastKnownFileType = sourcecode.swift; path = MainViewController.swift; sourceTree = "<group>"; };
		0A0B646A289ACEC600D25F39 /* Assets.xcassets */ = {isa = PBXFileReference; lastKnownFileType = folder.assetcatalog; path = Assets.xcassets; sourceTree = "<group>"; };
		0A0B646D289ACEC600D25F39 /* Base */ = {isa = PBXFileReference; lastKnownFileType = file.storyboard; name = Base; path = Base.lproj/LaunchScreen.storyboard; sourceTree = "<group>"; };
		0A0B646F289ACEC600D25F39 /* Info.plist */ = {isa = PBXFileReference; lastKnownFileType = text.plist.xml; path = Info.plist; sourceTree = "<group>"; };
		0AE95840289ADCC000751E6A /* PageViewController.swift */ = {isa = PBXFileReference; lastKnownFileType = sourcecode.swift; path = PageViewController.swift; sourceTree = "<group>"; };
		0AE95843289ADE6500751E6A /* FirstViewController.swift */ = {isa = PBXFileReference; lastKnownFileType = sourcecode.swift; path = FirstViewController.swift; sourceTree = "<group>"; };
		0AE95845289ADE7D00751E6A /* SecondViewController.swift */ = {isa = PBXFileReference; lastKnownFileType = sourcecode.swift; path = SecondViewController.swift; sourceTree = "<group>"; };
		0AE95847289ADE9200751E6A /* ThirdViewController.swift */ = {isa = PBXFileReference; lastKnownFileType = sourcecode.swift; path = ThirdViewController.swift; sourceTree = "<group>"; };
		0AE9584A28A1730C00751E6A /* TabView.swift */ = {isa = PBXFileReference; lastKnownFileType = sourcecode.swift; path = TabView.swift; sourceTree = "<group>"; };
		0AE9584D28A1742E00751E6A /* TabCell.swift */ = {isa = PBXFileReference; lastKnownFileType = sourcecode.swift; path = TabCell.swift; sourceTree = "<group>"; };
/* End PBXFileReference section */

/* Begin PBXFrameworksBuildPhase section */
		0A0B645B289ACEC400D25F39 /* Frameworks */ = {
			isa = PBXFrameworksBuildPhase;
			buildActionMask = 2147483647;
			files = (
				0AE9583F289ADAFB00751E6A /* SnapKit in Frameworks */,
				0AE9585128A248B200751E6A /* SnapKit in Frameworks */,
			);
			runOnlyForDeploymentPostprocessing = 0;
		};
/* End PBXFrameworksBuildPhase section */

/* Begin PBXGroup section */
		0A0B6455289ACEC400D25F39 = {
			isa = PBXGroup;
			children = (
				0A0B6460289ACEC400D25F39 /* iOSTabLayout */,
				0A0B645F289ACEC400D25F39 /* Products */,
			);
			sourceTree = "<group>";
		};
		0A0B645F289ACEC400D25F39 /* Products */ = {
			isa = PBXGroup;
			children = (
				0A0B645E289ACEC400D25F39 /* iOSTabLayout.app */,
			);
			name = Products;
			sourceTree = "<group>";
		};
		0A0B6460289ACEC400D25F39 /* iOSTabLayout */ = {
			isa = PBXGroup;
			children = (
				0A0B6461289ACEC400D25F39 /* AppDelegate.swift */,
				0A0B6463289ACEC400D25F39 /* SceneDelegate.swift */,
				0AE95842289ADDFB00751E6A /* ViewControler */,
				0AE9584C28A1730F00751E6A /* Views */,
				0A0B646A289ACEC600D25F39 /* Assets.xcassets */,
				0A0B646C289ACEC600D25F39 /* LaunchScreen.storyboard */,
				0A0B646F289ACEC600D25F39 /* Info.plist */,
			);
			path = iOSTabLayout;
			sourceTree = "<group>";
		};
		0AE95842289ADDFB00751E6A /* ViewControler */ = {
			isa = PBXGroup;
			children = (
				0A0B6465289ACEC400D25F39 /* MainViewController.swift */,
				0AE95840289ADCC000751E6A /* PageViewController.swift */,
				0AE95849289ADEB400751E6A /* Pages */,
			);
			path = ViewControler;
			sourceTree = "<group>";
		};
		0AE95849289ADEB400751E6A /* Pages */ = {
			isa = PBXGroup;
			children = (
				0AE95843289ADE6500751E6A /* FirstViewController.swift */,
				0AE95845289ADE7D00751E6A /* SecondViewController.swift */,
				0AE95847289ADE9200751E6A /* ThirdViewController.swift */,
			);
			path = Pages;
			sourceTree = "<group>";
		};
		0AE9584C28A1730F00751E6A /* Views */ = {
			isa = PBXGroup;
			children = (
				0AE9584A28A1730C00751E6A /* TabView.swift */,
				0AE9584D28A1742E00751E6A /* TabCell.swift */,
			);
			path = Views;
			sourceTree = "<group>";
		};
/* End PBXGroup section */

/* Begin PBXNativeTarget section */
		0A0B645D289ACEC400D25F39 /* iOSTabLayout */ = {
			isa = PBXNativeTarget;
			buildConfigurationList = 0A0B6472289ACEC600D25F39 /* Build configuration list for PBXNativeTarget "iOSTabLayout" */;
			buildPhases = (
				0A0B645A289ACEC400D25F39 /* Sources */,
				0A0B645B289ACEC400D25F39 /* Frameworks */,
				0A0B645C289ACEC400D25F39 /* Resources */,
			);
			buildRules = (
			);
			dependencies = (
			);
			name = iOSTabLayout;
			packageProductDependencies = (
				0AE9583E289ADAFB00751E6A /* SnapKit */,
				0AE9585028A248B200751E6A /* SnapKit */,
			);
			productName = iOSTabLayout;
			productReference = 0A0B645E289ACEC400D25F39 /* iOSTabLayout.app */;
			productType = "com.apple.product-type.application";
		};
/* End PBXNativeTarget section */

/* Begin PBXProject section */
		0A0B6456289ACEC400D25F39 /* Project object */ = {
			isa = PBXProject;
			attributes = {
				BuildIndependentTargetsInParallel = 1;
				LastSwiftUpdateCheck = 1340;
				LastUpgradeCheck = 1340;
				TargetAttributes = {
					0A0B645D289ACEC400D25F39 = {
						CreatedOnToolsVersion = 13.4.1;
					};
				};
			};
			buildConfigurationList = 0A0B6459289ACEC400D25F39 /* Build configuration list for PBXProject "iOSTabLayout" */;
			compatibilityVersion = "Xcode 13.0";
			developmentRegion = en;
			hasScannedForEncodings = 0;
			knownRegions = (
				en,
				Base,
			);
			mainGroup = 0A0B6455289ACEC400D25F39;
			packageReferences = (
				0AE9583D289ADAFB00751E6A /* XCRemoteSwiftPackageReference "SnapKit" */,
			);
			productRefGroup = 0A0B645F289ACEC400D25F39 /* Products */;
			projectDirPath = "";
			projectRoot = "";
			targets = (
				0A0B645D289ACEC400D25F39 /* iOSTabLayout */,
			);
		};
/* End PBXProject section */

/* Begin PBXResourcesBuildPhase section */
		0A0B645C289ACEC400D25F39 /* Resources */ = {
			isa = PBXResourcesBuildPhase;
			buildActionMask = 2147483647;
			files = (
				0A0B646E289ACEC600D25F39 /* LaunchScreen.storyboard in Resources */,
				0A0B646B289ACEC600D25F39 /* Assets.xcassets in Resources */,
			);
			runOnlyForDeploymentPostprocessing = 0;
		};
/* End PBXResourcesBuildPhase section */

/* Begin PBXSourcesBuildPhase section */
		0A0B645A289ACEC400D25F39 /* Sources */ = {
			isa = PBXSourcesBuildPhase;
			buildActionMask = 2147483647;
			files = (
				0AE95846289ADE7D00751E6A /* SecondViewController.swift in Sources */,
				0AE95844289ADE6500751E6A /* FirstViewController.swift in Sources */,
				0AE9584E28A1742E00751E6A /* TabCell.swift in Sources */,
				0AE9584B28A1730C00751E6A /* TabView.swift in Sources */,
				0A0B6466289ACEC400D25F39 /* MainViewController.swift in Sources */,
				0AE95848289ADE9200751E6A /* ThirdViewController.swift in Sources */,
				0A0B6462289ACEC400D25F39 /* AppDelegate.swift in Sources */,
				0A0B6464289ACEC400D25F39 /* SceneDelegate.swift in Sources */,
				0AE95841289ADCC000751E6A /* PageViewController.swift in Sources */,
			);
			runOnlyForDeploymentPostprocessing = 0;
		};
/* End PBXSourcesBuildPhase section */

/* Begin PBXVariantGroup section */
		0A0B646C289ACEC600D25F39 /* LaunchScreen.storyboard */ = {
			isa = PBXVariantGroup;
			children = (
				0A0B646D289ACEC600D25F39 /* Base */,
			);
			name = LaunchScreen.storyboard;
			sourceTree = "<group>";
		};
/* End PBXVariantGroup section */

/* Begin XCBuildConfiguration section */
		0A0B6470289ACEC600D25F39 /* Debug */ = {
			isa = XCBuildConfiguration;
			buildSettings = {
				ALWAYS_SEARCH_USER_PATHS = NO;
				CLANG_ANALYZER_NONNULL = YES;
				CLANG_ANALYZER_NUMBER_OBJECT_CONVERSION = YES_AGGRESSIVE;
				CLANG_CXX_LANGUAGE_STANDARD = "gnu++17";
				CLANG_ENABLE_MODULES = YES;
				CLANG_ENABLE_OBJC_ARC = YES;
				CLANG_ENABLE_OBJC_WEAK = YES;
				CLANG_WARN_BLOCK_CAPTURE_AUTORELEASING = YES;
				CLANG_WARN_BOOL_CONVERSION = YES;
				CLANG_WARN_COMMA = YES;
				CLANG_WARN_CONSTANT_CONVERSION = YES;
				CLANG_WARN_DEPRECATED_OBJC_IMPLEMENTATIONS = YES;
				CLANG_WARN_DIRECT_OBJC_ISA_USAGE = YES_ERROR;
				CLANG_WARN_DOCUMENTATION_COMMENTS = YES;
				CLANG_WARN_EMPTY_BODY = YES;
				CLANG_WARN_ENUM_CONVERSION = YES;
				CLANG_WARN_INFINITE_RECURSION = YES;
				CLANG_WARN_INT_CONVERSION = YES;
				CLANG_WARN_NON_LITERAL_NULL_CONVERSION = YES;
				CLANG_WARN_OBJC_IMPLICIT_RETAIN_SELF = YES;
				CLANG_WARN_OBJC_LITERAL_CONVERSION = YES;
				CLANG_WARN_OBJC_ROOT_CLASS = YES_ERROR;
				CLANG_WARN_QUOTED_INCLUDE_IN_FRAMEWORK_HEADER = YES;
				CLANG_WARN_RANGE_LOOP_ANALYSIS = YES;
				CLANG_WARN_STRICT_PROTOTYPES = YES;
				CLANG_WARN_SUSPICIOUS_MOVE = YES;
				CLANG_WARN_UNGUARDED_AVAILABILITY = YES_AGGRESSIVE;
				CLANG_WARN_UNREACHABLE_CODE = YES;
				CLANG_WARN__DUPLICATE_METHOD_MATCH = YES;
				COPY_PHASE_STRIP = NO;
				DEBUG_INFORMATION_FORMAT = dwarf;
				ENABLE_STRICT_OBJC_MSGSEND = YES;
				ENABLE_TESTABILITY = YES;
				GCC_C_LANGUAGE_STANDARD = gnu11;
				GCC_DYNAMIC_NO_PIC = NO;
				GCC_NO_COMMON_BLOCKS = YES;
				GCC_OPTIMIZATION_LEVEL = 0;
				GCC_PREPROCESSOR_DEFINITIONS = (
					"DEBUG=1",
					"$(inherited)",
				);
				GCC_WARN_64_TO_32_BIT_CONVERSION = YES;
				GCC_WARN_ABOUT_RETURN_TYPE = YES_ERROR;
				GCC_WARN_UNDECLARED_SELECTOR = YES;
				GCC_WARN_UNINITIALIZED_AUTOS = YES_AGGRESSIVE;
				GCC_WARN_UNUSED_FUNCTION = YES;
				GCC_WARN_UNUSED_VARIABLE = YES;
				IPHONEOS_DEPLOYMENT_TARGET = 15.5;
				MTL_ENABLE_DEBUG_INFO = INCLUDE_SOURCE;
				MTL_FAST_MATH = YES;
				ONLY_ACTIVE_ARCH = YES;
				SDKROOT = iphoneos;
				SWIFT_ACTIVE_COMPILATION_CONDITIONS = DEBUG;
				SWIFT_OPTIMIZATION_LEVEL = "-Onone";
			};
			name = Debug;
		};
		0A0B6471289ACEC600D25F39 /* Release */ = {
			isa = XCBuildConfiguration;
			buildSettings = {
				ALWAYS_SEARCH_USER_PATHS = NO;
				CLANG_ANALYZER_NONNULL = YES;
				CLANG_ANALYZER_NUMBER_OBJECT_CONVERSION = YES_AGGRESSIVE;
				CLANG_CXX_LANGUAGE_STANDARD = "gnu++17";
				CLANG_ENABLE_MODULES = YES;
				CLANG_ENABLE_OBJC_ARC = YES;
				CLANG_ENABLE_OBJC_WEAK = YES;
				CLANG_WARN_BLOCK_CAPTURE_AUTORELEASING = YES;
				CLANG_WARN_BOOL_CONVERSION = YES;
				CLANG_WARN_COMMA = YES;
				CLANG_WARN_CONSTANT_CONVERSION = YES;
				CLANG_WARN_DEPRECATED_OBJC_IMPLEMENTATIONS = YES;
				CLANG_WARN_DIRECT_OBJC_ISA_USAGE = YES_ERROR;
				CLANG_WARN_DOCUMENTATION_COMMENTS = YES;
				CLANG_WARN_EMPTY_BODY = YES;
				CLANG_WARN_ENUM_CONVERSION = YES;
				CLANG_WARN_INFINITE_RECURSION = YES;
				CLANG_WARN_INT_CONVERSION = YES;
				CLANG_WARN_NON_LITERAL_NULL_CONVERSION = YES;
				CLANG_WARN_OBJC_IMPLICIT_RETAIN_SELF = YES;
				CLANG_WARN_OBJC_LITERAL_CONVERSION = YES;
				CLANG_WARN_OBJC_ROOT_CLASS = YES_ERROR;
				CLANG_WARN_QUOTED_INCLUDE_IN_FRAMEWORK_HEADER = YES;
				CLANG_WARN_RANGE_LOOP_ANALYSIS = YES;
				CLANG_WARN_STRICT_PROTOTYPES = YES;
				CLANG_WARN_SUSPICIOUS_MOVE = YES;
				CLANG_WARN_UNGUARDED_AVAILABILITY = YES_AGGRESSIVE;
				CLANG_WARN_UNREACHABLE_CODE = YES;
				CLANG_WARN__DUPLICATE_METHOD_MATCH = YES;
				COPY_PHASE_STRIP = NO;
				DEBUG_INFORMATION_FORMAT = "dwarf-with-dsym";
				ENABLE_NS_ASSERTIONS = NO;
				ENABLE_STRICT_OBJC_MSGSEND = YES;
				GCC_C_LANGUAGE_STANDARD = gnu11;
				GCC_NO_COMMON_BLOCKS = YES;
				GCC_WARN_64_TO_32_BIT_CONVERSION = YES;
				GCC_WARN_ABOUT_RETURN_TYPE = YES_ERROR;
				GCC_WARN_UNDECLARED_SELECTOR = YES;
				GCC_WARN_UNINITIALIZED_AUTOS = YES_AGGRESSIVE;
				GCC_WARN_UNUSED_FUNCTION = YES;
				GCC_WARN_UNUSED_VARIABLE = YES;
				IPHONEOS_DEPLOYMENT_TARGET = 15.5;
				MTL_ENABLE_DEBUG_INFO = NO;
				MTL_FAST_MATH = YES;
				SDKROOT = iphoneos;
				SWIFT_COMPILATION_MODE = wholemodule;
				SWIFT_OPTIMIZATION_LEVEL = "-O";
				VALIDATE_PRODUCT = YES;
			};
			name = Release;
		};
		0A0B6473289ACEC600D25F39 /* Debug */ = {
			isa = XCBuildConfiguration;
			buildSettings = {
				ASSETCATALOG_COMPILER_APPICON_NAME = AppIcon;
				ASSETCATALOG_COMPILER_GLOBAL_ACCENT_COLOR_NAME = AccentColor;
				CODE_SIGN_STYLE = Automatic;
				CURRENT_PROJECT_VERSION = 1;
				DEVELOPMENT_TEAM = SV3P3BPZR7;
				GENERATE_INFOPLIST_FILE = YES;
				INFOPLIST_FILE = iOSTabLayout/Info.plist;
				INFOPLIST_KEY_UIApplicationSupportsIndirectInputEvents = YES;
				INFOPLIST_KEY_UILaunchStoryboardName = LaunchScreen;
				INFOPLIST_KEY_UISupportedInterfaceOrientations_iPad = "UIInterfaceOrientationPortrait UIInterfaceOrientationPortraitUpsideDown UIInterfaceOrientationLandscapeLeft UIInterfaceOrientationLandscapeRight";
				INFOPLIST_KEY_UISupportedInterfaceOrientations_iPhone = "UIInterfaceOrientationPortrait UIInterfaceOrientationLandscapeLeft UIInterfaceOrientationLandscapeRight";
				LD_RUNPATH_SEARCH_PATHS = (
					"$(inherited)",
					"@executable_path/Frameworks",
				);
				MARKETING_VERSION = 1.0;
				PRODUCT_BUNDLE_IDENTIFIER = com.hjksample.iOSTabLayout;
				PRODUCT_NAME = "$(TARGET_NAME)";
				SWIFT_EMIT_LOC_STRINGS = YES;
				SWIFT_VERSION = 5.0;
				TARGETED_DEVICE_FAMILY = "1,2";
			};
			name = Debug;
		};
		0A0B6474289ACEC600D25F39 /* Release */ = {
			isa = XCBuildConfiguration;
			buildSettings = {
				ASSETCATALOG_COMPILER_APPICON_NAME = AppIcon;
				ASSETCATALOG_COMPILER_GLOBAL_ACCENT_COLOR_NAME = AccentColor;
				CODE_SIGN_STYLE = Automatic;
				CURRENT_PROJECT_VERSION = 1;
				DEVELOPMENT_TEAM = SV3P3BPZR7;
				GENERATE_INFOPLIST_FILE = YES;
				INFOPLIST_FILE = iOSTabLayout/Info.plist;
				INFOPLIST_KEY_UIApplicationSupportsIndirectInputEvents = YES;
				INFOPLIST_KEY_UILaunchStoryboardName = LaunchScreen;
				INFOPLIST_KEY_UISupportedInterfaceOrientations_iPad = "UIInterfaceOrientationPortrait UIInterfaceOrientationPortraitUpsideDown UIInterfaceOrientationLandscapeLeft UIInterfaceOrientationLandscapeRight";
				INFOPLIST_KEY_UISupportedInterfaceOrientations_iPhone = "UIInterfaceOrientationPortrait UIInterfaceOrientationLandscapeLeft UIInterfaceOrientationLandscapeRight";
				LD_RUNPATH_SEARCH_PATHS = (
					"$(inherited)",
					"@executable_path/Frameworks",
				);
				MARKETING_VERSION = 1.0;
				PRODUCT_BUNDLE_IDENTIFIER = com.hjksample.iOSTabLayout;
				PRODUCT_NAME = "$(TARGET_NAME)";
				SWIFT_EMIT_LOC_STRINGS = YES;
				SWIFT_VERSION = 5.0;
				TARGETED_DEVICE_FAMILY = "1,2";
			};
			name = Release;
		};
/* End XCBuildConfiguration section */

/* Begin XCConfigurationList section */
		0A0B6459289ACEC400D25F39 /* Build configuration list for PBXProject "iOSTabLayout" */ = {
			isa = XCConfigurationList;
			buildConfigurations = (
				0A0B6470289ACEC600D25F39 /* Debug */,
				0A0B6471289ACEC600D25F39 /* Release */,
			);
			defaultConfigurationIsVisible = 0;
			defaultConfigurationName = Release;
		};
		0A0B6472289ACEC600D25F39 /* Build configuration list for PBXNativeTarget "iOSTabLayout" */ = {
			isa = XCConfigurationList;
			buildConfigurations = (
				0A0B6473289ACEC600D25F39 /* Debug */,
				0A0B6474289ACEC600D25F39 /* Release */,
			);
			defaultConfigurationIsVisible = 0;
			defaultConfigurationName = Release;
		};
/* End XCConfigurationList section */

/* Begin XCRemoteSwiftPackageReference section */
		0AE9583D289ADAFB00751E6A /* XCRemoteSwiftPackageReference "SnapKit" */ = {
			isa = XCRemoteSwiftPackageReference;
			repositoryURL = "https://github.com/SnapKit/SnapKit.git";
			requirement = {
				kind = upToNextMajorVersion;
				minimumVersion = 5.0.0;
			};
		};
/* End XCRemoteSwiftPackageReference section */

/* Begin XCSwiftPackageProductDependency section */
		0AE9583E289ADAFB00751E6A /* SnapKit */ = {
			isa = XCSwiftPackageProductDependency;
			package = 0AE9583D289ADAFB00751E6A /* XCRemoteSwiftPackageReference "SnapKit" */;
			productName = SnapKit;
		};
		0AE9585028A248B200751E6A /* SnapKit */ = {
			isa = XCSwiftPackageProductDependency;
			package = 0AE9583D289ADAFB00751E6A /* XCRemoteSwiftPackageReference "SnapKit" */;
			productName = SnapKit;
		};
/* End XCSwiftPackageProductDependency section */
	};
	rootObject = 0A0B6456289ACEC400D25F39 /* Project object */;
}
